// !$*UTF8*$!
{
	archiveVersion = 1;
	classes = {
	};
	objectVersion = 50;
	objects = {

/* Begin PBXBuildFile section */
		7D5449AF261FE67600EB1200 /* AppDelegate.swift in Sources */ = {isa = PBXBuildFile; fileRef = 7D5449AE261FE67600EB1200 /* AppDelegate.swift */; };
		7D5449B1261FE67600EB1200 /* SceneDelegate.swift in Sources */ = {isa = PBXBuildFile; fileRef = 7D5449B0261FE67600EB1200 /* SceneDelegate.swift */; };
		7D5449B3261FE67600EB1200 /* ViewController.swift in Sources */ = {isa = PBXBuildFile; fileRef = 7D5449B2261FE67600EB1200 /* ViewController.swift */; };
		7D5449B6261FE67600EB1200 /* Main.storyboard in Resources */ = {isa = PBXBuildFile; fileRef = 7D5449B4261FE67600EB1200 /* Main.storyboard */; };
		7D5449B9261FE67600EB1200 /* CourseApp.xcdatamodeld in Sources */ = {isa = PBXBuildFile; fileRef = 7D5449B7261FE67600EB1200 /* CourseApp.xcdatamodeld */; };
		7D5449BB261FE67B00EB1200 /* Assets.xcassets in Resources */ = {isa = PBXBuildFile; fileRef = 7D5449BA261FE67B00EB1200 /* Assets.xcassets */; };
		7D5449BE261FE67B00EB1200 /* LaunchScreen.storyboard in Resources */ = {isa = PBXBuildFile; fileRef = 7D5449BC261FE67B00EB1200 /* LaunchScreen.storyboard */; };
		7D5449C7261FEACB00EB1200 /* AddCourseViewController.swift in Sources */ = {isa = PBXBuildFile; fileRef = 7D5449C6261FEACB00EB1200 /* AddCourseViewController.swift */; };
		7D5449CA261FF59B00EB1200 /* CourseCompleteViewController.swift in Sources */ = {isa = PBXBuildFile; fileRef = 7D5449C9261FF59B00EB1200 /* CourseCompleteViewController.swift */; };
/* End PBXBuildFile section */

/* Begin PBXFileReference section */
		7D5449AB261FE67600EB1200 /* CourseApp.app */ = {isa = PBXFileReference; explicitFileType = wrapper.application; includeInIndex = 0; path = CourseApp.app; sourceTree = BUILT_PRODUCTS_DIR; };
		7D5449AE261FE67600EB1200 /* AppDelegate.swift */ = {isa = PBXFileReference; lastKnownFileType = sourcecode.swift; path = AppDelegate.swift; sourceTree = "<group>"; };
		7D5449B0261FE67600EB1200 /* SceneDelegate.swift */ = {isa = PBXFileReference; lastKnownFileType = sourcecode.swift; path = SceneDelegate.swift; sourceTree = "<group>"; };
		7D5449B2261FE67600EB1200 /* ViewController.swift */ = {isa = PBXFileReference; lastKnownFileType = sourcecode.swift; path = ViewController.swift; sourceTree = "<group>"; };
		7D5449B5261FE67600EB1200 /* Base */ = {isa = PBXFileReference; lastKnownFileType = file.storyboard; name = Base; path = Base.lproj/Main.storyboard; sourceTree = "<group>"; };
		7D5449B8261FE67600EB1200 /* CourseApp.xcdatamodel */ = {isa = PBXFileReference; lastKnownFileType = wrapper.xcdatamodel; path = CourseApp.xcdatamodel; sourceTree = "<group>"; };
		7D5449BA261FE67B00EB1200 /* Assets.xcassets */ = {isa = PBXFileReference; lastKnownFileType = folder.assetcatalog; path = Assets.xcassets; sourceTree = "<group>"; };
		7D5449BD261FE67B00EB1200 /* Base */ = {isa = PBXFileReference; lastKnownFileType = file.storyboard; name = Base; path = Base.lproj/LaunchScreen.storyboard; sourceTree = "<group>"; };
		7D5449BF261FE67B00EB1200 /* Info.plist */ = {isa = PBXFileReference; lastKnownFileType = text.plist.xml; path = Info.plist; sourceTree = "<group>"; };
		7D5449C6261FEACB00EB1200 /* AddCourseViewController.swift */ = {isa = PBXFileReference; lastKnownFileType = sourcecode.swift; path = AddCourseViewController.swift; sourceTree = "<group>"; };
		7D5449C9261FF59B00EB1200 /* CourseCompleteViewController.swift */ = {isa = PBXFileReference; lastKnownFileType = sourcecode.swift; path = CourseCompleteViewController.swift; sourceTree = "<group>"; };
/* End PBXFileReference section */

/* Begin PBXFrameworksBuildPhase section */
		7D5449A8261FE67600EB1200 /* Frameworks */ = {
			isa = PBXFrameworksBuildPhase;
			buildActionMask = 2147483647;
			files = (
			);
			runOnlyForDeploymentPostprocessing = 0;
		};
/* End PBXFrameworksBuildPhase section */

/* Begin PBXGroup section */
		7D5449A2261FE67600EB1200 = {
			isa = PBXGroup;
			children = (
				7D5449AD261FE67600EB1200 /* CourseApp */,
				7D5449AC261FE67600EB1200 /* Products */,
			);
			sourceTree = "<group>";
		};
		7D5449AC261FE67600EB1200 /* Products */ = {
			isa = PBXGroup;
			children = (
				7D5449AB261FE67600EB1200 /* CourseApp.app */,
			);
			name = Products;
			sourceTree = "<group>";
		};
		7D5449AD261FE67600EB1200 /* CourseApp */ = {
			isa = PBXGroup;
			children = (
				7D5449AE261FE67600EB1200 /* AppDelegate.swift */,
				7D5449B0261FE67600EB1200 /* SceneDelegate.swift */,
				7D5449B2261FE67600EB1200 /* ViewController.swift */,
				7D5449B4261FE67600EB1200 /* Main.storyboard */,
				7D5449BA261FE67B00EB1200 /* Assets.xcassets */,
				7D5449BC261FE67B00EB1200 /* LaunchScreen.storyboard */,
				7D5449BF261FE67B00EB1200 /* Info.plist */,
				7D5449B7261FE67600EB1200 /* CourseApp.xcdatamodeld */,
				7D5449C6261FEACB00EB1200 /* AddCourseViewController.swift */,
				7D5449C9261FF59B00EB1200 /* CourseCompleteViewController.swift */,
			);
			path = CourseApp;
			sourceTree = "<group>";
		};
/* End PBXGroup section */

/* Begin PBXNativeTarget section */
		7D5449AA261FE67600EB1200 /* CourseApp */ = {
			isa = PBXNativeTarget;
			buildConfigurationList = 7D5449C2261FE67B00EB1200 /* Build configuration list for PBXNativeTarget "CourseApp" */;
			buildPhases = (
				7D5449A7261FE67600EB1200 /* Sources */,
				7D5449A8261FE67600EB1200 /* Frameworks */,
				7D5449A9261FE67600EB1200 /* Resources */,
			);
			buildRules = (
			);
			dependencies = (
			);
			name = CourseApp;
			productName = CourseApp;
			productReference = 7D5449AB261FE67600EB1200 /* CourseApp.app */;
			productType = "com.apple.product-type.application";
		};
/* End PBXNativeTarget section */

/* Begin PBXProject section */
		7D5449A3261FE67600EB1200 /* Project object */ = {
			isa = PBXProject;
			attributes = {
				LastSwiftUpdateCheck = 1240;
				LastUpgradeCheck = 1240;
				TargetAttributes = {
					7D5449AA261FE67600EB1200 = {
						CreatedOnToolsVersion = 12.4;
					};
				};
			};
			buildConfigurationList = 7D5449A6261FE67600EB1200 /* Build configuration list for PBXProject "CourseApp" */;
			compatibilityVersion = "Xcode 9.3";
			developmentRegion = en;
			hasScannedForEncodings = 0;
			knownRegions = (
				en,
				Base,
			);
			mainGroup = 7D5449A2261FE67600EB1200;
			productRefGroup = 7D5449AC261FE67600EB1200 /* Products */;
			projectDirPath = "";
			projectRoot = "";
			targets = (
				7D5449AA261FE67600EB1200 /* CourseApp */,
			);
		};
/* End PBXProject section */

/* Begin PBXResourcesBuildPhase section */
		7D5449A9261FE67600EB1200 /* Resources */ = {
			isa = PBXResourcesBuildPhase;
			buildActionMask = 2147483647;
			files = (
				7D5449BE261FE67B00EB1200 /* LaunchScreen.storyboard in Resources */,
				7D5449BB261FE67B00EB1200 /* Assets.xcassets in Resources */,
				7D5449B6261FE67600EB1200 /* Main.storyboard in Resources */,
			);
			runOnlyForDeploymentPostprocessing = 0;
		};
/* End PBXResourcesBuildPhase section */

/* Begin PBXSourcesBuildPhase section */
		7D5449A7261FE67600EB1200 /* Sources */ = {
			isa = PBXSourcesBuildPhase;
			buildActionMask = 2147483647;
			files = (
				7D5449B9261FE67600EB1200 /* CourseApp.xcdatamodeld in Sources */,
				7D5449B3261FE67600EB1200 /* ViewController.swift in Sources */,
				7D5449C7261FEACB00EB1200 /* AddCourseViewController.swift in Sources */,
				7D5449AF261FE67600EB1200 /* AppDelegate.swift in Sources */,
				7D5449CA261FF59B00EB1200 /* CourseCompleteViewController.swift in Sources */,
				7D5449B1261FE67600EB1200 /* SceneDelegate.swift in Sources */,
			);
			runOnlyForDeploymentPostprocessing = 0;
		};
/* End PBXSourcesBuildPhase section */

/* Begin PBXVariantGroup section */
		7D5449B4261FE67600EB1200 /* Main.storyboard */ = {
			isa = PBXVariantGroup;
			children = (
				7D5449B5261FE67600EB1200 /* Base */,
			);
			name = Main.storyboard;
			sourceTree = "<group>";
		};
		7D5449BC261FE67B00EB1200 /* LaunchScreen.storyboard */ = {
			isa = PBXVariantGroup;
			children = (
				7D5449BD261FE67B00EB1200 /* Base */,
			);
			name = LaunchScreen.storyboard;
			sourceTree = "<group>";
		};
/* End PBXVariantGroup section */

/* Begin XCBuildConfiguration section */
		7D5449C0261FE67B00EB1200 /* Debug */ = {
			isa = XCBuildConfiguration;
			buildSettings = {
				ALWAYS_SEARCH_USER_PATHS = NO;
				CLANG_ANALYZER_NONNULL = YES;
				CLANG_ANALYZER_NUMBER_OBJECT_CONVERSION = YES_AGGRESSIVE;
				CLANG_CXX_LANGUAGE_STANDARD = "gnu++14";
				CLANG_CXX_LIBRARY = "libc++";
				CLANG_ENABLE_MODULES = YES;
				CLANG_ENABLE_OBJC_ARC = YES;
				CLANG_ENABLE_OBJC_WEAK = YES;
				CLANG_WARN_BLOCK_CAPTURE_AUTORELEASING = YES;
				CLANG_WARN_BOOL_CONVERSION = YES;
				CLANG_WARN_COMMA = YES;
				CLANG_WARN_CONSTANT_CONVERSION = YES;
				CLANG_WARN_DEPRECATED_OBJC_IMPLEMENTATIONS = YES;
				CLANG_WARN_DIRECT_OBJC_ISA_USAGE = YES_ERROR;
				CLANG_WARN_DOCUMENTATION_COMMENTS = YES;
				CLANG_WARN_EMPTY_BODY = YES;
				CLANG_WARN_ENUM_CONVERSION = YES;
				CLANG_WARN_INFINITE_RECURSION = YES;
				CLANG_WARN_INT_CONVERSION = YES;
				CLANG_WARN_NON_LITERAL_NULL_CONVERSION = YES;
				CLANG_WARN_OBJC_IMPLICIT_RETAIN_SELF = YES;
				CLANG_WARN_OBJC_LITERAL_CONVERSION = YES;
				CLANG_WARN_OBJC_ROOT_CLASS = YES_ERROR;
				CLANG_WARN_QUOTED_INCLUDE_IN_FRAMEWORK_HEADER = YES;
				CLANG_WARN_RANGE_LOOP_ANALYSIS = YES;
				CLANG_WARN_STRICT_PROTOTYPES = YES;
				CLANG_WARN_SUSPICIOUS_MOVE = YES;
				CLANG_WARN_UNGUARDED_AVAILABILITY = YES_AGGRESSIVE;
				CLANG_WARN_UNREACHABLE_CODE = YES;
				CLANG_WARN__DUPLICATE_METHOD_MATCH = YES;
				COPY_PHASE_STRIP = NO;
				DEBUG_INFORMATION_FORMAT = dwarf;
				ENABLE_STRICT_OBJC_MSGSEND = YES;
				ENABLE_TESTABILITY = YES;
				GCC_C_LANGUAGE_STANDARD = gnu11;
				GCC_DYNAMIC_NO_PIC = NO;
				GCC_NO_COMMON_BLOCKS = YES;
				GCC_OPTIMIZATION_LEVEL = 0;
				GCC_PREPROCESSOR_DEFINITIONS = (
					"DEBUG=1",
					"$(inherited)",
				);
				GCC_WARN_64_TO_32_BIT_CONVERSION = YES;
				GCC_WARN_ABOUT_RETURN_TYPE = YES_ERROR;
				GCC_WARN_UNDECLARED_SELECTOR = YES;
				GCC_WARN_UNINITIALIZED_AUTOS = YES_AGGRESSIVE;
				GCC_WARN_UNUSED_FUNCTION = YES;
				GCC_WARN_UNUSED_VARIABLE = YES;
				IPHONEOS_DEPLOYMENT_TARGET = 14.4;
				MTL_ENABLE_DEBUG_INFO = INCLUDE_SOURCE;
				MTL_FAST_MATH = YES;
				ONLY_ACTIVE_ARCH = YES;
				SDKROOT = iphoneos;
				SWIFT_ACTIVE_COMPILATION_CONDITIONS = DEBUG;
				SWIFT_OPTIMIZATION_LEVEL = "-Onone";
			};
			name = Debug;
		};
		7D5449C1261FE67B00EB1200 /* Release */ = {
			isa = XCBuildConfiguration;
			buildSettings = {
				ALWAYS_SEARCH_USER_PATHS = NO;
				CLANG_ANALYZER_NONNULL = YES;
				CLANG_ANALYZER_NUMBER_OBJECT_CONVERSION = YES_AGGRESSIVE;
				CLANG_CXX_LANGUAGE_STANDARD = "gnu++14";
				CLANG_CXX_LIBRARY = "libc++";
				CLANG_ENABLE_MODULES = YES;
				CLANG_ENABLE_OBJC_ARC = YES;
				CLANG_ENABLE_OBJC_WEAK = YES;
				CLANG_WARN_BLOCK_CAPTURE_AUTORELEASING = YES;
				CLANG_WARN_BOOL_CONVERSION = YES;
				CLANG_WARN_COMMA = YES;
				CLANG_WARN_CONSTANT_CONVERSION = YES;
				CLANG_WARN_DEPRECATED_OBJC_IMPLEMENTATIONS = YES;
				CLANG_WARN_DIRECT_OBJC_ISA_USAGE = YES_ERROR;
				CLANG_WARN_DOCUMENTATION_COMMENTS = YES;
				CLANG_WARN_EMPTY_BODY = YES;
				CLANG_WARN_ENUM_CONVERSION = YES;
				CLANG_WARN_INFINITE_RECURSION = YES;
				CLANG_WARN_INT_CONVERSION = YES;
				CLANG_WARN_NON_LITERAL_NULL_CONVERSION = YES;
				CLANG_WARN_OBJC_IMPLICIT_RETAIN_SELF = YES;
				CLANG_WARN_OBJC_LITERAL_CONVERSION = YES;
				CLANG_WARN_OBJC_ROOT_CLASS = YES_ERROR;
				CLANG_WARN_QUOTED_INCLUDE_IN_FRAMEWORK_HEADER = YES;
				CLANG_WARN_RANGE_LOOP_ANALYSIS = YES;
				CLANG_WARN_STRICT_PROTOTYPES = YES;
				CLANG_WARN_SUSPICIOUS_MOVE = YES;
				CLANG_WARN_UNGUARDED_AVAILABILITY = YES_AGGRESSIVE;
				CLANG_WARN_UNREACHABLE_CODE = YES;
				CLANG_WARN__DUPLICATE_METHOD_MATCH = YES;
				COPY_PHASE_STRIP = NO;
				DEBUG_INFORMATION_FORMAT = "dwarf-with-dsym";
				ENABLE_NS_ASSERTIONS = NO;
				ENABLE_STRICT_OBJC_MSGSEND = YES;
				GCC_C_LANGUAGE_STANDARD = gnu11;
				GCC_NO_COMMON_BLOCKS = YES;
				GCC_WARN_64_TO_32_BIT_CONVERSION = YES;
				GCC_WARN_ABOUT_RETURN_TYPE = YES_ERROR;
				GCC_WARN_UNDECLARED_SELECTOR = YES;
				GCC_WARN_UNINITIALIZED_AUTOS = YES_AGGRESSIVE;
				GCC_WARN_UNUSED_FUNCTION = YES;
				GCC_WARN_UNUSED_VARIABLE = YES;
				IPHONEOS_DEPLOYMENT_TARGET = 14.4;
				MTL_ENABLE_DEBUG_INFO = NO;
				MTL_FAST_MATH = YES;
				SDKROOT = iphoneos;
				SWIFT_COMPILATION_MODE = wholemodule;
				SWIFT_OPTIMIZATION_LEVEL = "-O";
				VALIDATE_PRODUCT = YES;
			};
			name = Release;
		};
		7D5449C3261FE67B00EB1200 /* Debug */ = {
			isa = XCBuildConfiguration;
			buildSettings = {
				ASSETCATALOG_COMPILER_APPICON_NAME = AppIcon;
				ASSETCATALOG_COMPILER_GLOBAL_ACCENT_COLOR_NAME = AccentColor;
				CODE_SIGN_STYLE = Automatic;
				DEVELOPMENT_TEAM = 32V2SK7GT3;
				INFOPLIST_FILE = CourseApp/Info.plist;
				LD_RUNPATH_SEARCH_PATHS = (
					"$(inherited)",
					"@executable_path/Frameworks",
				);
				PRODUCT_BUNDLE_IDENTIFIER = pe.edu.tecsup.CourseApp;
				PRODUCT_NAME = "$(TARGET_NAME)";
				SWIFT_VERSION = 5.0;
				TARGETED_DEVICE_FAMILY = "1,2";
			};
			name = Debug;
		};
		7D5449C4261FE67B00EB1200 /* Release */ = {
			isa = XCBuildConfiguration;
			buildSettings = {
				ASSETCATALOG_COMPILER_APPICON_NAME = AppIcon;
				ASSETCATALOG_COMPILER_GLOBAL_ACCENT_COLOR_NAME = AccentColor;
				CODE_SIGN_STYLE = Automatic;
				DEVELOPMENT_TEAM = 32V2SK7GT3;
				INFOPLIST_FILE = CourseApp/Info.plist;
				LD_RUNPATH_SEARCH_PATHS = (
					"$(inherited)",
					"@executable_path/Frameworks",
				);
				PRODUCT_BUNDLE_IDENTIFIER = pe.edu.tecsup.CourseApp;
				PRODUCT_NAME = "$(TARGET_NAME)";
				SWIFT_VERSION = 5.0;
				TARGETED_DEVICE_FAMILY = "1,2";
			};
			name = Release;
		};
/* End XCBuildConfiguration section */

/* Begin XCConfigurationList section */
		7D5449A6261FE67600EB1200 /* Build configuration list for PBXProject "CourseApp" */ = {
			isa = XCConfigurationList;
			buildConfigurations = (
				7D5449C0261FE67B00EB1200 /* Debug */,
				7D5449C1261FE67B00EB1200 /* Release */,
			);
			defaultConfigurationIsVisible = 0;
			defaultConfigurationName = Release;
		};
		7D5449C2261FE67B00EB1200 /* Build configuration list for PBXNativeTarget "CourseApp" */ = {
			isa = XCConfigurationList;
			buildConfigurations = (
				7D5449C3261FE67B00EB1200 /* Debug */,
				7D5449C4261FE67B00EB1200 /* Release */,
			);
			defaultConfigurationIsVisible = 0;
			defaultConfigurationName = Release;
		};
/* End XCConfigurationList section */

/* Begin XCVersionGroup section */
		7D5449B7261FE67600EB1200 /* CourseApp.xcdatamodeld */ = {
			isa = XCVersionGroup;
			children = (
				7D5449B8261FE67600EB1200 /* CourseApp.xcdatamodel */,
			);
			currentVersion = 7D5449B8261FE67600EB1200 /* CourseApp.xcdatamodel */;
			path = CourseApp.xcdatamodeld;
			sourceTree = "<group>";
			versionGroupType = wrapper.xcdatamodel;
		};
/* End XCVersionGroup section */
	};
	rootObject = 7D5449A3261FE67600EB1200 /* Project object */;
}
